
Microsoft Visual Studio Solution File, Format Version 12.00
# Visual Studio Version 16
VisualStudioVersion = 16.0.29009.5
MinimumVisualStudioVersion = 10.0.40219.1
Project("{FAE04EC0-301F-11D3-BF4B-00C04F79EFBC}") = "EFDay1", "EFDay1.csproj", "{EE8035DE-C03D-4F0F-B238-362225286C6F}"
EndProject
Global
	GlobalSection(SolutionConfigurationPlatforms) = preSolution
		Debug|Any CPU = Debug|Any CPU
		Release|Any CPU = Release|Any CPU
	EndGlobalSection
	GlobalSection(ProjectConfigurationPlatforms) = postSolution
		{EE8035DE-C03D-4F0F-B238-362225286C6F}.Debug|Any CPU.ActiveCfg = Debug|Any CPU
		{EE8035DE-C03D-4F0F-B238-362225286C6F}.Debug|Any CPU.Build.0 = Debug|Any CPU
		{EE8035DE-C03D-4F0F-B238-362225286C6F}.Release|Any CPU.ActiveCfg = Release|Any CPU
		{EE8035DE-C03D-4F0F-B238-362225286C6F}.Release|Any CPU.Build.0 = Release|Any CPU
	EndGlobalSection
	GlobalSection(SolutionProperties) = preSolution
		HideSolutionNode = FALSE
	EndGlobalSection
	GlobalSection(ExtensibilityGlobals) = postSolution
		SolutionGuid = {DC30D990-3C34-4FD0-8C3D-5EE13BBCCCE2}
	EndGlobalSection
EndGlobal
